github.com/BurntSushi/toml v0.3.1 h1:WXkYYl6Yr3qBf1K79EBnL4mak0OimBfB0XUf9Vl28OQ=
github.com/BurntSushi/toml v0.3.1/go.mod h1:xHWCNGjB5oqiDr8zfno3MHue2Ht5sIBksp03qcyfWMU=
github.com/araddon/dateparse v0.0.0-20190622164848-0fb0a474d195 h1:c4mLfegoDw6OhSJXTd2jUEQgZUQuJWtocudb97Qn9EM=
github.com/araddon/dateparse v0.0.0-20190622164848-0fb0a474d195/go.mod h1:SLqhdZcd+dF3TEVL2RMoob5bBP5R1P1qkox+HtCBgGI=
github.com/awalterschulze/gographviz v0.0.0-20170410065617-c84395e536e1/go.mod h1:GEV5wmg4YquNw7v1kkyoX9etIk8yVmXj+AkDHuuETHs=
github.com/carlescere/scheduler v0.0.0-20170109141437-ee74d2f83d82/go.mod h1:tyA14J0sA3Hph4dt+AfCjPrYR13+vVodshQSM7km9qw=
github.com/chewxy/hm v1.0.0/go.mod h1:qg9YI4q6Fkj/whwHR1D+bOGeF7SniIP40VweVepLjg0=
github.com/chewxy/math32 v1.0.0/go.mod h1:Miac6hA1ohdDUTagnvJy/q+aNnEk16qWUdb8ZVhvCN0=
github.com/davecgh/go-spew v1.1.0/go.mod h1:J7Y8YcW2NihsgmVo/mv3lAwl/skON4iLHjSsI+c5H38=
github.com/davecgh/go-spew v1.1.1/go.mod h1:J7Y8YcW2NihsgmVo/mv3lAwl/skON4iLHjSsI+c5H38=
github.com/davecgh/go-spew v1.1.2-0.20180830191138-d8f796af33cc h1:U9qPSI2PIWSS1VwoXQT9A3Wy9MM3WgvqSxFWenqJduM=
github.com/davecgh/go-spew v1.1.2-0.20180830191138-d8f796af33cc/go.mod h1:J7Y8YcW2NihsgmVo/mv3lAwl/skON4iLHjSsI+c5H38=
github.com/dgrijalva/jwt-go v3.2.0+incompatible h1:7qlOGliEKZXTDg6OTjfoBKDXWrumCAMpl/TFQ4/5kLM=
github.com/dgrijalva/jwt-go v3.2.0+incompatible/go.mod h1:E3ru+11k8xSBh+hMPgOLZmtrrCbhqsmaPHjLKYnJCaQ=
github.com/gogo/protobuf v1.1.1/go.mod h1:r8qH/GZQm5c6nD/R0oafs1akxWv10x8SbQlK7atdtwQ=
github.com/golang/protobuf v1.2.0/go.mod h1:6lQm79b+lXiMfvg/cZm0SGofjICqVBUtrP5yJMmIC1U=
github.com/gonum/blas v0.0.0-20180125090452-e7c5890b24cf/go.mod h1:P32wAyui1PQ58Oce/KYkOqQv8cVw1zAapXOl+dRFGbc=
github.com/google/flatbuffers v1.10.0/go.mod h1:1AeVuKshWv4vARoZatz6mlQ0JxURH0Kv5+zNeJKJCa8=
github.com/google/renameio v0.1.0/go.mod h1:KWCgfxg9yswjAJkECMjeO8J8rahYeXnNhOm40UhjYkI=
github.com/gorilla/websocket v1.4.0 h1:WDFjx/TMzVgy9VdMMQi2K2Emtwi2QcUQsztZ/zLaH/Q=
github.com/gorilla/websocket v1.4.0/go.mod h1:E7qHFY5m1UJ88s3WnNqhKjPHQ0heANvMoAMk2YaljkQ=
github.com/graph-gophers/graphql-go v0.0.0-20191115155744-f33e81362277/go.mod h1:9CQHMSxwO4MprSdzoIEobiHpoLtHm77vfxsvsIN5Vuc=
github.com/graphql-go/graphql v0.7.8/go.mod h1:k6yrAYQaSP59DC5UVxbgxESlmVyojThKdORUqGDGmrI=
github.com/julienschmidt/httprouter v1.2.0 h1:TDTW5Yz1mjftljbcKqRcrYhd4XeOoI98t+9HbQbYf7g=
github.com/julienschmidt/httprouter v1.2.0/go.mod h1:SYymIcj16QtmaHHD7aYtjjsJG7VTCxuUUipMqKk8s4w=
github.com/julienschmidt/httprouter v1.3.0 h1:U0609e9tgbseu3rBINet9P48AI/D3oJs4dN7jwJOQ1U=
github.com/julienschmidt/httprouter v1.3.0/go.mod h1:JR6WtHb+2LUe8TCKY3cZOxFyyO8IZAc4RVcycCCAKdM=
github.com/kisielk/gotool v1.0.0/go.mod h1:XhKaO+MFFWcvkIS/tQcRk01m1F5IRFswLeQ+oQHNcck=
github.com/kr/pretty v0.1.0 h1:L/CwN0zerZDmRFUapSPitk6f+Q3+0za1rQkzVuMiMFI=
github.com/kr/pretty v0.1.0/go.mod h1:dAy3ld7l9f0ibDNOQOHHMYYIIbhfbHSm3C4ZsoJORNo=
github.com/kr/pty v1.1.1/go.mod h1:pFQYn66WHrOpPYNljwOMqo10TkYh1fy3cYio2l3bCsQ=
github.com/kr/text v0.1.0 h1:45sCR5RtlFHMR4UwH9sdQ5TC8v0qDQCHnXt+kaKSTVE=
github.com/kr/text v0.1.0/go.mod h1:4Jbv+DJW3UT/LiOwJeYQe1efqtUx/iVham/4vfdArNI=
github.com/leesper/go_rng v0.0.0-20171009123644-5344a9259b21/go.mod h1:N0SVk0uhy+E1PZ3C9ctsPRlvOPAFPkCNlcPBDkt0N3U=
github.com/oliveagle/jsonpath v0.0.0-20180606110733-2e52cf6e6852 h1:Yl0tPBa8QPjGmesFh1D0rDy+q1Twx6FyU7VWHi8wZbI=
github.com/oliveagle/jsonpath v0.0.0-20180606110733-2e52cf6e6852/go.mod h1:eqOVx5Vwu4gd2mmMZvVZsgIqNSaW3xxRThUJ0k/TPk4=
github.com/opentracing/opentracing-go v1.1.0/go.mod h1:UkNAQd3GIcIGf0SeVgPpRdFStlNbqXla1AfSYxPUl2o=
github.com/pkg/errors v0.8.0/go.mod h1:bwawxfHBFNV+L2hUp1rHADufV3IMtnDRdf1r5NINEl0=
github.com/pkg/errors v0.8.1/go.mod h1:bwawxfHBFNV+L2hUp1rHADufV3IMtnDRdf1r5NINEl0=
github.com/pkg/errors v0.9.1 h1:FEBLx1zS214owpjy7qsBeixbURkuhQAwrK5UwLGTwt4=
github.com/pkg/errors v0.9.1/go.mod h1:bwawxfHBFNV+L2hUp1rHADufV3IMtnDRdf1r5NINEl0=
github.com/pmezard/go-difflib v1.0.0 h1:4DBwDE0NGyQoBHbLQYPwSUPoCMWR5BEzIk/f1lZbAQM=
github.com/pmezard/go-difflib v1.0.0/go.mod h1:iKH77koFhYxTK1pcRnkKkqfTogsbg7gZNVY4sRDYZ/4=
github.com/project-flogo/contrib v0.9.0-alpha.3.0.20190115023822-118c915f5736 h1:39J/KsTIzIAZ4bxn9QyKoTWpwHFEMBuScuWYfIxX4gk=
github.com/project-flogo/contrib v0.9.0-alpha.3.0.20190115023822-118c915f5736/go.mod h1:tdinBFJomgOs2xQJCc3igHomrCeu2JaHu1EbuYb56Ww=
github.com/project-flogo/contrib v0.9.0-alpha.4.0.20190318145021-54b56025362c h1:YN7EMat5RvlpkNII8/M9fsWNHNrFdEkv15qYPmILaxQ=
github.com/project-flogo/contrib v0.9.0-alpha.4.0.20190318145021-54b56025362c/go.mod h1:Kb5SnL/QUYZn6VevmylHjSLPNVa9B3jN53YeTF80iz4=
github.com/project-flogo/contrib v0.9.0-alpha.4.0.20190509204259-4246269fb68e h1:mIk/AAkV4qCNjyO9Njj/BB90pvOIjLZAYJgjgFFxnsw=
github.com/project-flogo/contrib v0.9.0-alpha.4.0.20190509204259-4246269fb68e/go.mod h1:Kb5SnL/QUYZn6VevmylHjSLPNVa9B3jN53YeTF80iz4=
github.com/project-flogo/contrib v0.12.0 h1:VlqDxE6tqP81AoZmwnsSrG4bf+4YbeLZm4GzxMVmBdU=
github.com/project-flogo/contrib/activity/channel v0.0.0-20190318145021-54b56025362c/go.mod h1:2K/MEJs+Pzc7L1d994mTgzW6SFYbwHeu19f8aA3Gwyc=
github.com/project-flogo/contrib/activity/channel v0.9.0-rc.1.0.20190509204259-4246269fb68e h1:OmgPoB1upNp0eY0+xwXwjSgpaLLmx2M4Up17hd/c1cM=
github.com/project-flogo/contrib/activity/channel v0.9.0-rc.1.0.20190509204259-4246269fb68e/go.mod h1:eNc5Yvo6Hv0obf2eL2FBmO7F8u5Max9MqdWe8IknjAc=
github.com/project-flogo/contrib/activity/counter v0.0.0-20190318145021-54b56025362c/go.mod h1:VwsdGZpaM6ROM5eJbpfYp2u8aZqVaak5ZBcaw853mYQ=
github.com/project-flogo/contrib/activity/counter v0.9.0-rc.1.0.20190509204259-4246269fb68e/go.mod h1:luwWo7dR6stBk9+0rKz1kjrMdFcCkNHaN2tCrVHCrR4=
github.com/project-flogo/contrib/activity/log v0.0.0-20190318145021-54b56025362c/go.mod h1:kZ9FG5aa5hhiSM0nZhNjgwZwkiyiWgok9tE9A4AHJk8=
github.com/project-flogo/contrib/activity/log v0.9.0-rc.1.0.20190509204259-4246269fb68e/go.mod h1:vLsMeHqqlxod+KUcjbAhQPixrpyyO/MBuUp32eWVXCA=
github.com/project-flogo/contrib/activity/rest v0.0.0-20190318145021-54b56025362c h1:mN0fhaa8HoZnw1M6+2kk92KEXbBULn3HCBa/tlHPxAM=
github.com/project-flogo/contrib/activity/rest v0.0.0-20190318145021-54b56025362c/go.mod h1:er/hLSql054TeyhED80XCFpBXum9zwlxJWCDyrYyMXg=
github.com/project-flogo/contrib/activity/rest v0.9.0-rc.1.0.20190509204259-4246269fb68e/go.mod h1:GXDiVb2CBMq0qryawBim3yqe6+WsUKKgQXxtqsWRJXI=
github.com/project-flogo/contrib/activity/rest v0.9.1-0.20190702155437-52b965a4fff5 h1:XMVN89myuIjEeTk4KxJ0sBwLY+gcqenPc1JWtW86yqc=
github.com/project-flogo/contrib/activity/rest v0.9.1-0.20190702155437-52b965a4fff5/go.mod h1:rwlE8KGbQthG7RRf6E55Y1KAdNY95oGzE5lM+VBRXng=
github.com/project-flogo/contrib/activity/rest v0.10.0 h1:r9jCC+0lHqVMBtHjAeZJDc/S4NAvPny3y1PMR1dN/U0=
github.com/project-flogo/contrib/activity/rest v0.10.0/go.mod h1:gmwYAre/BaEx1SRsdmnU8JhY2h2iQ/iA3DmAgj3lsK8=
github.com/project-flogo/contrib/function v0.0.0-20190318145021-54b56025362c h1:75/CBDBUUhWd7pVrzrsuXLe0H9KEu6BNLATyTtCKfKE=
github.com/project-flogo/contrib/function v0.0.0-20190318145021-54b56025362c/go.mod h1:Y/rZQdXA+M1VM448+fUrJwuu8Yq+mGrNH2MUjUMnKGw=
github.com/project-flogo/contrib/function/coerce v0.0.0-20190318145021-54b56025362c h1:8oFS7gPKJgX3FOEDsm+Otoh/x4A+TWm21hs+YJn3gy4=
github.com/project-flogo/contrib/function/coerce v0.0.0-20190318145021-54b56025362c/go.mod h1:rU6AC3X74T0uC/53T/lSrtt/c0qqKE8kA1sBfQAk4CQ=
github.com/project-flogo/contrib/function/coerce v0.9.0-rc.2.0.20190509204259-4246269fb68e h1:qMG2+PVcJHUP1pmG8CeN4b51OeOBSAY1eiwp1IMEKX8=
github.com/project-flogo/contrib/function/coerce v0.9.0-rc.2.0.20190509204259-4246269fb68e/go.mod h1:MlKC7RbdMKvOF9jBcSlvCGD9fYifnT/POkAjj0ecKng=
github.com/project-flogo/contrib/function/json v0.0.0-20190318145021-54b56025362c h1:SffAsotA8KwwayLkR63vD9SChguqF1N6zhZww/mYZeo=
github.com/project-flogo/contrib/function/json v0.0.0-20190318145021-54b56025362c/go.mod h1:QhZzlNLqH/TWrMre+FLvqIykt7O79zbQ6pu9oAEdfB0=
github.com/project-flogo/contrib/function/json v0.9.0-rc.1.0.20190509204259-4246269fb68e h1:tmqedWFYxiSSZ9flV+1kr2NZZqpUwbAPkgJ1EhFLU1A=
github.com/project-flogo/contrib/function/json v0.9.0-rc.1.0.20190509204259-4246269fb68e/go.mod h1:uMQJIdMUbrWkGswErDa43WPi0QwGAl1uHH7Y2kPJ7E4=
github.com/project-flogo/contrib/function/number v0.0.0-20190318145021-54b56025362c h1:uCN1hO7hN4z5jyLDrXs+u9G0dcN0LBU9S/UkrubYSn0=
github.com/project-flogo/contrib/function/number v0.0.0-20190318145021-54b56025362c/go.mod h1:75NDwGNYUY2GjogyBYT4Hp1CJYpjwxIgQxYxkE9/xRs=
github.com/project-flogo/contrib/function/number v0.9.0-rc.1.0.20190509204259-4246269fb68e h1:57Ky3CW5sXSpRX9sm18JasB1b/Abz6KtU77vNBuejhY=
github.com/project-flogo/contrib/function/number v0.9.0-rc.1.0.20190509204259-4246269fb68e/go.mod h1:jeEHt7SCtgCbk06BlIaGXmZxZxWjxUTjj2qH3UxcP2U=
github.com/project-flogo/contrib/function/string v0.0.0-20190318145021-54b56025362c h1:IngOoKe16+6dA8TkplQxMwuQPmrd5nWVAIPr+RF+zrg=
github.com/project-flogo/contrib/function/string v0.0.0-20190318145021-54b56025362c/go.mod h1:r9BdpzbQx9un7zwUwlnPGIbgC3yejuFxw74rVky/t94=
github.com/project-flogo/contrib/function/string v0.9.0-rc.1.0.20190509204259-4246269fb68e h1:0wkh+EneA4Hm2tnjmrRbPt7tYPw42v0VRtwoxFreTko=
github.com/project-flogo/contrib/function/string v0.9.0-rc.1.0.20190509204259-4246269fb68e/go.mod h1:Clsc2IJwPsUyE27bt8udu4p91+B2uUsI5lrGkASb6Jw=
github.com/project-flogo/contrib/trigger/channel v0.0.0-20190318145021-54b56025362c/go.mod h1:2E59vHxQcNEhkLUrTPJM0BdTcIBFyjEcZAeTUsF+KEM=
github.com/project-flogo/contrib/trigger/channel v0.0.0-20190509204259-4246269fb68e/go.mod h1:NFTw2z/H/Kv+0/dx4S2o8HMpy72/IzIlAbkv+aNW53U=
github.com/project-flogo/contrib/trigger/rest v0.0.0-20190318145021-54b56025362c h1:jYGE578q2GvuU0zcmfaOm42pnlmUEPfM7yBimkTNTMY=
github.com/project-flogo/contrib/trigger/rest v0.0.0-20190318145021-54b56025362c/go.mod h1:k0U1vznzbRJ4A4NLoYVl+UQDoxIl/ANqfbtRjSO7xP0=
github.com/project-flogo/contrib/trigger/rest v0.9.0-rc.1.0.20190509204259-4246269fb68e/go.mod h1:7p7G/LDunGCJDVI22Yn1U6GGT/JpCRvc3AzkPS4S4ss=
github.com/project-flogo/contrib/trigger/rest v0.9.1-0.20190702155437-52b965a4fff5 h1:MhxbJKjCFd1DOqWIL9OySnfYMK56paNsjLBQ96Tige4=
github.com/project-flogo/contrib/trigger/rest v0.9.1-0.20190702155437-52b965a4fff5/go.mod h1:I32ZhF7eLf3lpjyM5IFEGPgypSpO6DdbJdkY043JR/4=
github.com/project-flogo/contrib/trigger/rest v0.10.0 h1:v6wm+A3BLCnCZT/ufiELxW08HL2Yc4bHby61/gKRhYg=
github.com/project-flogo/contrib/trigger/rest v0.10.0/go.mod h1:Omd0fWOL8E+e6emN97/UZ8UK1cDsVwR5MtvGKgUzOA4=
github.com/project-flogo/core v0.9.0-alpha.4 h1:ny3yB8vMBRXxIXuk3V2DYxVDUN6HlqUQA70yWVWHCS0=
github.com/project-flogo/core v0.9.0-alpha.4/go.mod h1:BHeB55AxPhvlNGd+it50rE977ag6xE3bD2RluSDeKBA=
github.com/project-flogo/core v0.9.0-alpha.4.0.20190116201316-ba1703f1f4cf h1:8ix+yZGUm+bliXHrm2jKTFUV6IPa+3U4DR9s9dq326Y=
github.com/project-flogo/core v0.9.0-alpha.4.0.20190116201316-ba1703f1f4cf/go.mod h1:BHeB55AxPhvlNGd+it50rE977ag6xE3bD2RluSDeKBA=
github.com/project-flogo/core v0.9.0-alpha.4.0.20190130143800-ebaa4200c4ac h1:oqNBrD483hgLQ03/HwBGWE4/TyEkjMN8GrMPCyHk1sY=
github.com/project-flogo/core v0.9.0-alpha.4.0.20190130143800-ebaa4200c4ac/go.mod h1:Dof6t60n/nvN7aPpoUz97JL+VIKdsYMbhqwN++WCdz8=
github.com/project-flogo/core v0.9.0-alpha.6/go.mod h1:eB+hMcq51lOIeJ93K8Nvvm/vC3OI60ZaEgBbA4gtk8k=
github.com/project-flogo/core v0.9.0-alpha.6.0.20190315150153-4c57a9c50a67 h1:NUyVrnfoDjrasqrPtZgmOKnwchzHJBxsMlIDYsa6N8M=
github.com/project-flogo/core v0.9.0-alpha.6.0.20190315150153-4c57a9c50a67/go.mod h1:eB+hMcq51lOIeJ93K8Nvvm/vC3OI60ZaEgBbA4gtk8k=
github.com/project-flogo/core v0.9.0-rc.2/go.mod h1:dzmBbQfNNC0g0KClKYQxxGJLe53MHafg75Vhmw2TW8U=
github.com/project-flogo/core v0.9.0/go.mod h1:QGWi7TDLlhGUaYH3n/16ImCuulbEHGADYEXyrcHhX7U=
github.com/project-flogo/core v0.9.1-0.20190603153102-1672d1ff9ec6 h1:xo0ghtbAhwIcBwG1+i9i3/qaUq02gEizVwVUBrjvMlU=
github.com/project-flogo/core v0.9.1-0.20190603153102-1672d1ff9ec6/go.mod h1:QGWi7TDLlhGUaYH3n/16ImCuulbEHGADYEXyrcHhX7U=
github.com/project-flogo/core v0.9.2/go.mod h1:QGWi7TDLlhGUaYH3n/16ImCuulbEHGADYEXyrcHhX7U=
github.com/project-flogo/core v0.9.3-0.20190626212829-3b488c2791d6 h1:swxJzuNUt7DtNMvWrTWGeBdoS/1SeBrg+lpTESyim7w=
github.com/project-flogo/core v0.9.3-0.20190626212829-3b488c2791d6/go.mod h1:QGWi7TDLlhGUaYH3n/16ImCuulbEHGADYEXyrcHhX7U=
github.com/project-flogo/core v0.9.4-hf.1/go.mod h1:QGWi7TDLlhGUaYH3n/16ImCuulbEHGADYEXyrcHhX7U=
github.com/project-flogo/core v0.9.5-0.20191107201139-c4e948d4cc8d/go.mod h1:QGWi7TDLlhGUaYH3n/16ImCuulbEHGADYEXyrcHhX7U=
github.com/project-flogo/core v1.3.0 h1:1PxiGaCQ9TSvmLCG4IOP5FgShD7+tVWhgo1xNjms7gY=
github.com/project-flogo/core v1.3.0/go.mod h1:fapTXUhLxDeAHyb6eMkuwnYswO8FpZJAMat055QVdJE=
github.com/project-flogo/microgateway v0.0.0-20190123211624-c3c60c0efa8d h1:zycS+cHxPiOd6LYNzVgP/JT6yBC8vlxj5hCsDzVpAeg=
github.com/project-flogo/microgateway v0.0.0-20190123211624-c3c60c0efa8d/go.mod h1:BA3q9hZTUbZ6BEEEru5jV1Tf4/3lrkJSKsfbet00R+M=
github.com/project-flogo/microgateway v0.0.0-20190319203104-747b5cae041f h1:2HJ7qCJmrNvCZ56mdY/7dWCroHbnervMi9QSwnkF7Bc=
github.com/project-flogo/microgateway v0.0.0-20190319203104-747b5cae041f/go.mod h1:3hJTjH3ri5CAaa1orStplPYQ1RxM2brIziLM16XHgyo=
github.com/project-flogo/microgateway v0.0.0-20190708190753-c54f135979ec h1:eXVxJahocu8UB0oN/cFxAzCMtMgkzG2FprnEUhgC56I=
github.com/project-flogo/microgateway v0.0.0-20190708190753-c54f135979ec/go.mod h1:Qd1wToeA6KRtF1RLEneEPQD1z8t34SHbqbUWMkRUZVs=
github.com/project-flogo/microgateway v0.1.0 h1:Hd3u0qh58J4fiwpsVVw7uOctx0mUQT5KSp8nPnN78Hk=
github.com/project-flogo/microgateway v0.1.0/go.mod h1:Biqd45lZmNqib8s593097fFOM19BIRYYUzzjFUamfC0=
github.com/rogpeppe/go-internal v1.3.0/go.mod h1:M8bDsm7K2OlrFYOpmOWEs/qY81heoFRclV5y23lUDJ4=
github.com/square-it/jsonschema v1.9.1/go.mod h1:80WJHSuy3YnokzfFopfx+MAt5lVVnVpS6w2Avv+svHk=
github.com/stretchr/objx v0.1.0/go.mod h1:HFkY916IF+rwdDfMAkV7OtwuqBVzrE8GR6GFx+wExME=
github.com/stretchr/objx v0.1.1 h1:2vfRuCMp5sSVIDSqO8oNnWJq7mPa6KVP3iPIwFBuy8A=
github.com/stretchr/objx v0.1.1/go.mod h1:HFkY916IF+rwdDfMAkV7OtwuqBVzrE8GR6GFx+wExME=
github.com/stretchr/testify v1.2.2 h1:bSDNvY7ZPG5RlJ8otE/7V6gMiyenm9RtJ7IUVIAoJ1w=
github.com/stretchr/testify v1.2.2/go.mod h1:a8OnRcib4nhh0OaRAV+Yts87kKdq0PP7pXfy6kDkUVs=
github.com/stretchr/testify v1.3.0 h1:TivCn/peBQ7UY8ooIcPgZFpTNSz0Q2U6UrFlUfqbe0Q=
github.com/stretchr/testify v1.3.0/go.mod h1:M5WIy9Dh21IEIfnGCwXGc5bZfKNJtfHm1UVUgZn+9EI=
github.com/stretchr/testify v1.4.0/go.mod h1:j7eGeouHqKxXV5pUuKE4zz7dFj8WfuZ+81PSLYec5m4=
github.com/stretchr/testify v1.7.0 h1:nwc3DEeHmmLAfoZucVR881uASk0Mfjw8xYJ99tb5CcY=
github.com/stretchr/testify v1.7.0/go.mod h1:6Fq8oRcR53rry900zMqJjRRixrwX3KX962/h/Wwjteg=
github.com/ulule/limiter v2.2.0+incompatible h1:1SeOVtEtaMckX/1yBlsok6LLZjiUrZ33kF5FITMl3MU=
github.com/ulule/limiter v2.2.0+incompatible/go.mod h1:VJx/ZNGmClQDS5F6EmsGqK8j3jz1qJYZ6D9+MdAD+kw=
github.com/xeipuuv/gojsonpointer v0.0.0-20180127040702-4e3ac2762d5f h1:J9EGpcZtP0E/raorCMxlFGSTBrsSlaDGf3jU/qvAE2c=
github.com/xeipuuv/gojsonpointer v0.0.0-20180127040702-4e3ac2762d5f/go.mod h1:N2zxlSyiKSe5eX1tZViRH5QA0qijqEDrYZiPEAiq3wU=
github.com/xeipuuv/gojsonpointer v0.0.0-20190905194746-02993c407bfb h1:zGWFAtiMcyryUHoUjUJX0/lt1H2+i2Ka2n+D3DImSNo=
github.com/xeipuuv/gojsonpointer v0.0.0-20190905194746-02993c407bfb/go.mod h1:N2zxlSyiKSe5eX1tZViRH5QA0qijqEDrYZiPEAiq3wU=
github.com/xeipuuv/gojsonreference v0.0.0-20180127040603-bd5ef7bd5415 h1:EzJWgHovont7NscjpAxXsDA8S8BMYve8Y5+7cuRE7R0=
github.com/xeipuuv/gojsonreference v0.0.0-20180127040603-bd5ef7bd5415/go.mod h1:GwrjFmJcFw6At/Gs6z4yjiIwzuJ1/+UwLxMQDVQXShQ=
github.com/xeipuuv/gojsonschema v0.0.0-20181016150526-f3a9dae5b194 h1:va8F6ctiwxAm980W2zwP4vfSFaKeYlqPo24rRvYjmdc=
github.com/xeipuuv/gojsonschema v0.0.0-20181016150526-f3a9dae5b194/go.mod h1:5yf86TLmAcydyeJq5YvxkGPE2fm/u4myDekKRoLuqhs=
github.com/xeipuuv/gojsonschema v1.1.0 h1:ngVtJC9TY/lg0AA/1k48FYhBrhRoFlEmWzsehpNAaZg=
github.com/xeipuuv/gojsonschema v1.1.0/go.mod h1:5yf86TLmAcydyeJq5YvxkGPE2fm/u4myDekKRoLuqhs=
github.com/xtgo/set v1.0.0/go.mod h1:d3NHzGzSa0NmB2NhFyECA+QdRp29oEn2xbT+TpeFoM8=
go.uber.org/atomic v1.3.2 h1:2Oa65PReHzfn29GpvgsYwloV9AVFHPDk8tYxt2c2tr4=
go.uber.org/atomic v1.3.2/go.mod h1:gD2HeocX3+yG+ygLZcrzQJaqmWj9AIm7n08wl/qW/PE=
go.uber.org/atomic v1.4.0 h1:cxzIVoETapQEqDhQu3QfnvXAV4AlzcvUCxkVUFw3+EU=
go.uber.org/atomic v1.4.0/go.mod h1:gD2HeocX3+yG+ygLZcrzQJaqmWj9AIm7n08wl/qW/PE=
go.uber.org/atomic v1.6.0 h1:Ezj3JGmsOnG1MoRWQkPBsKLe9DwWD9QeXzTRzzldNVk=
go.uber.org/atomic v1.6.0/go.mod h1:sABNBOSYdrvTF6hTgEIbc7YasKWGhgEQZyfxyTvoXHQ=
go.uber.org/multierr v1.1.0 h1:HoEmRHQPVSqub6w2z2d2EOVs2fjyFRGyofhKuyDq0QI=
go.uber.org/multierr v1.1.0/go.mod h1:wR5kodmAFQ0UK8QlbwjlSNy0Z68gJhDJUG5sjR94q/0=
go.uber.org/multierr v1.5.0 h1:KCa4XfM8CWFCpxXRGok+Q0SS/0XBhMDbHHGABQLvD2A=
go.uber.org/multierr v1.5.0/go.mod h1:FeouvMocqHpRaaGuG9EjoKcStLC43Zu/fmqdUMPcKYU=
go.uber.org/tools v0.0.0-20190618225709-2cfd321de3ee h1:0mgffUl7nfd+FpvXMVz4IDEaUSmT1ysygQC7qYo7sG4=
go.uber.org/tools v0.0.0-20190618225709-2cfd321de3ee/go.mod h1:vJERXedbb3MVM5f9Ejo0C68/HhF8uaILCdgjnY+goOA=
go.uber.org/zap v1.9.1 h1:XCJQEf3W6eZaVwhRBof6ImoYGJSITeKWsyeh3HFu/5o=
go.uber.org/zap v1.9.1/go.mod h1:vwi/ZaCAaUcBkycHslxD9B2zi4UTXhF60s6SWpuDF0Q=
go.uber.org/zap v1.16.0 h1:uFRZXykJGK9lLY4HtgSw44DnIcAM+kRBP7x5m+NpAOM=
go.uber.org/zap v1.16.0/go.mod h1:MA8QOfq0BHJwdXa996Y4dYkAqRKB8/1K1QMMZVaNZjQ=
golang.org/x/crypto v0.0.0-20190308221718-c2843e01d9a2/go.mod h1:djNgcEr1/C05ACkg1iLfiJU5Ep61QUkGW8qpdssI0+w=
golang.org/x/crypto v0.0.0-20190510104115-cbcb75029529/go.mod h1:yigFU9vqHzYiE8UmvKecakEJjdnWj3jj499lnFckfCI=
golang.org/x/exp v0.0.0-20181022080537-42ba7d4b6eb2/go.mod h1:CJ0aWSM057203Lf6IL+f9T1iT9GByDxfZKAQTCR3kQA=
golang.org/x/lint v0.0.0-20190930215403-16217165b5de h1:5hukYrvBGR8/eNkX5mdUezrA6JiaEZDtJb9Ei+1LlBs=
golang.org/x/lint v0.0.0-20190930215403-16217165b5de/go.mod h1:6SW0HCj/g11FgYtHlgUYUwCkIfeOF89ocIRzGO/8vkc=
golang.org/x/mod v0.0.0-20190513183733-4bf6d317e70e/go.mod h1:mXi4GBBbnImb6dmsKGUJ2LatrhH/nqhxcFungHvyanc=
golang.org/x/net v0.0.0-20181023162649-9b4f9f5ad519/go.mod h1:mL1N/T3taQHkDXs73rZJwtUhF3w3ftmwwsq0BUmARs4=
golang.org/x/net v0.0.0-20190311183353-d8887717615a/go.mod h1:t9HGtf8HONx5eT2rtn7q6eTqICYqUVnKs3thJo3Qplg=
golang.org/x/net v0.0.0-20190404232315-eb5bcb51f2a3/go.mod h1:t9HGtf8HONx5eT2rtn7q6eTqICYqUVnKs3thJo3Qplg=
golang.org/x/net v0.0.0-20190620200207-3b0461eec859/go.mod h1:z5CRVTTTmAJ677TzLLGU+0bjPO0LkuOLi4/5GtJWs/s=
golang.org/x/sync v0.0.0-20180314180146-1d60e4601c6f/go.mod h1:RxMgew5VJxzue5/jJTE5uejpjVlOe/izrB70Jof72aM=
golang.org/x/sync v0.0.0-20190423024810-112230192c58/go.mod h1:RxMgew5VJxzue5/jJTE5uejpjVlOe/izrB70Jof72aM=
golang.org/x/sys v0.0.0-20190215142949-d0b11bdaac8a/go.mod h1:STP8DvDyc/dI5b8T5hshtkjS+E42TnysNCUPdjciGhY=
golang.org/x/sys v0.0.0-20190412213103-97732733099d/go.mod h1:h1NjWce9XRLGQEsW7wpKNCjG9DtNlClVuFLEZdDNbEs=
golang.org/x/text v0.3.0/go.mod h1:NqM8EUOU14njkJ3fqMW+pc6Ldnwhi/IjpwHt7yyuwOQ=
golang.org/x/tools v0.0.0-20190311212946-11955173bddd/go.mod h1:LCzVGOaR6xXOjkQ3onu1FJEFr0SW1gC7cKk1uF8kGRs=
golang.org/x/tools v0.0.0-20190621195816-6e04913cbbac/go.mod h1:/rFqwRUd4F7ZHNgwSSTFct+R/Kf4OFW1sUzUTQQTgfc=
golang.org/x/tools v0.0.0-20191029041327-9cc4af7d6b2c/go.mod h1:b+2E5dAYhXwXZwtnZ6UAqBI28+e2cm9otk0dWdXHAEo=
golang.org/x/tools v0.0.0-20191029190741-b9c20aec41a5 h1:hKsoRgsbwY1NafxrwTs+k64bikrLBkAgPir1TNCj3Zs=
golang.org/x/tools v0.0.0-20191029190741-b9c20aec41a5/go.mod h1:b+2E5dAYhXwXZwtnZ6UAqBI28+e2cm9otk0dWdXHAEo=
golang.org/x/xerrors v0.0.0-20190717185122-a985d3407aa7/go.mod h1:I/5z698sn9Ka8TeJc9MKroUUfqBBauWjQqLJ2OPfmY0=
gonum.org/v1/gonum v0.0.0-20180622153253-e9e56344e335/go.mod h1:cucAdkem48eM79EG1fdGOGASXorNZIYAO9duTse+1cI=
gopkg.in/check.v1 v0.0.0-20161208181325-20d25e280405/go.mod h1:Co6ibVJAznAaIkqp8huTwlJQCZ016jof/cbN4VW5Yz0=
gopkg.in/check.v1 v1.0.0-20180628173108-788fd7840127 h1:qIbj1fsPNlZgppZ+VLlY7N33q108Sa+fhmuc+sWQYwY=
gopkg.in/check.v1 v1.0.0-20180628173108-788fd7840127/go.mod h1:Co6ibVJAznAaIkqp8huTwlJQCZ016jof/cbN4VW5Yz0=
gopkg.in/errgo.v2 v2.1.0/go.mod h1:hNsd1EY+bozCKY1Ytp96fpM3vjJbqLJn88ws8XvfDNI=
gopkg.in/yaml.v2 v2.2.2 h1:ZCJp+EgiOT7lHqUV2J862kp8Qj64Jo6az82+3Td9dZw=
gopkg.in/yaml.v2 v2.2.2/go.mod h1:hI93XBmqTisBFMUTm0b8Fm+jr3Dg1NNxqwp+5A1VGuI=
gopkg.in/yaml.v3 v3.0.0-20200313102051-9f266ea9e77c h1:dUUwHk2QECo/6vqA44rthZ8ie2QXMNeKRTHCNY2nXvo=
gopkg.in/yaml.v3 v3.0.0-20200313102051-9f266ea9e77c/go.mod h1:K4uyk7z7BCEPqu6E+C64Yfv1cQ7kz7rIZviUmN+EgEM=
gorgonia.org/cu v0.8.0/go.mod h1:RPEPIfaxxqUmeRe7T1T8a0NER+KxBI2McoLEXhP1Vd8=
gorgonia.org/dawson v1.0.0/go.mod h1:Px1mcziba8YUBIDsbzGwbKJ11uIblv/zkln4jNrZ9Ws=
gorgonia.org/gorgonia v0.9.0-beta/go.mod h1:qucT7YHm/2OuSHWEw/6Je/LQ5htRJNQJ1+qpB58fY8c=
gorgonia.org/tensor v0.9.0-beta/go.mod h1:05Y4laKuVlj4qFoZIZW1q/9n1jZkgDBOLmKXZdBLG1w=
gorgonia.org/vecf32 v0.0.0-20180224100446-da24147133d9/go.mod h1:iHG+kvTMqGYA0SgahfO2k62WRnxmHsqAREGbayRDzy8=
gorgonia.org/vecf64 v0.0.0-20180224100512-6314d1b6cefc/go.mod h1:1y4pmcSd+wh3phG+InwWQjYrqwyrtN9h27WLFVQfV1Q=
honnef.co/go/tools v0.0.1-2019.2.3 h1:3JgtbtFHMiCmsznwGVTUWbgGov+pVqnlf1dEJTNAXeM=
honnef.co/go/tools v0.0.1-2019.2.3/go.mod h1:a3bituU0lyd329TUQxRnasdCoJDkEUEAqEt0JzvZhAg=
